
Microsoft Visual Studio Solution File, Format Version 12.00
# Visual Studio 2012
Project("{FAE04EC0-301F-11D3-BF4B-00C04F79EFBC}") = "GA-Nerual-LogicGates", "GA-Nerual-LogicGates\GA-Nerual-LogicGates.csproj", "{95086DA4-656D-424D-9325-451F7CCD8336}"
EndProject
Project("{FAE04EC0-301F-11D3-BF4B-00C04F79EFBC}") = "GeneticLib", "GeneticLib\GeneticLib\GeneticLib.csproj", "{444D853D-E196-4379-8B0E-EFCEED143065}"
EndProject
Global
	GlobalSection(SolutionConfigurationPlatforms) = preSolution
		Debug|Any CPU = Debug|Any CPU
		Release|Any CPU = Release|Any CPU
	EndGlobalSection
	GlobalSection(ProjectConfigurationPlatforms) = postSolution
		{95086DA4-656D-424D-9325-451F7CCD8336}.Debug|Any CPU.ActiveCfg = Debug|Any CPU
		{95086DA4-656D-424D-9325-451F7CCD8336}.Debug|Any CPU.Build.0 = Debug|Any CPU
		{95086DA4-656D-424D-9325-451F7CCD8336}.Release|Any CPU.ActiveCfg = Release|Any CPU
		{95086DA4-656D-424D-9325-451F7CCD8336}.Release|Any CPU.Build.0 = Release|Any CPU
		{444D853D-E196-4379-8B0E-EFCEED143065}.Debug|Any CPU.ActiveCfg = Debug|Any CPU
		{444D853D-E196-4379-8B0E-EFCEED143065}.Debug|Any CPU.Build.0 = Debug|Any CPU
		{444D853D-E196-4379-8B0E-EFCEED143065}.Release|Any CPU.ActiveCfg = Release|Any CPU
		{444D853D-E196-4379-8B0E-EFCEED143065}.Release|Any CPU.Build.0 = Release|Any CPU
	EndGlobalSection
EndGlobal
